// !$*UTF8*$!
{
	archiveVersion = 1;
	classes = {
	};
	objectVersion = 46;
	objects = {

/* Begin PBXBuildFile section */
		DB018F131BFB118700FC5021 /* AVOSCloud.framework in Frameworks */ = {isa = PBXBuildFile; fileRef = DB018F101BFB118700FC5021 /* AVOSCloud.framework */; settings = {ASSET_TAGS = (); }; };
		DB018F151BFB118700FC5021 /* AVOSCloudIM.framework in Frameworks */ = {isa = PBXBuildFile; fileRef = DB018F121BFB118700FC5021 /* AVOSCloudIM.framework */; settings = {ASSET_TAGS = (); }; };
		DB018F171BFB140600FC5021 /* MobileCoreServices.framework in Frameworks */ = {isa = PBXBuildFile; fileRef = DB018F161BFB140600FC5021 /* MobileCoreServices.framework */; };
		DB0331AC1BFC9EC300C020D5 /* ChatViewController.m in Sources */ = {isa = PBXBuildFile; fileRef = DB0331AB1BFC9EC300C020D5 /* ChatViewController.m */; settings = {ASSET_TAGS = (); }; };
		DB0B88BC1BCBB3E900ED685A /* DataManager.m in Sources */ = {isa = PBXBuildFile; fileRef = DB0B88BB1BCBB3E900ED685A /* DataManager.m */; settings = {ASSET_TAGS = (); }; };
		DB29EC391BF7838B00B91DB3 /* CoreTelephony.framework in Frameworks */ = {isa = PBXBuildFile; fileRef = DB29EC381BF7838B00B91DB3 /* CoreTelephony.framework */; };
		DB29EC3B1BF7839700B91DB3 /* libsqlite3.0.tbd in Frameworks */ = {isa = PBXBuildFile; fileRef = DB29EC3A1BF7839700B91DB3 /* libsqlite3.0.tbd */; };
		DB29EC3E1BF7849B00B91DB3 /* NewsDetailViewController.m in Sources */ = {isa = PBXBuildFile; fileRef = DB29EC3D1BF7849B00B91DB3 /* NewsDetailViewController.m */; settings = {ASSET_TAGS = (); }; };
		DB2D2B271BF71FE5001DAA62 /* AssistTableViewController.m in Sources */ = {isa = PBXBuildFile; fileRef = DB2D2B121BF71FE5001DAA62 /* AssistTableViewController.m */; settings = {ASSET_TAGS = (); }; };
		DB2D2B2E1BF71FE5001DAA62 /* MainViewController.m in Sources */ = {isa = PBXBuildFile; fileRef = DB2D2B1B1BF71FE5001DAA62 /* MainViewController.m */; settings = {ASSET_TAGS = (); }; };
		DB2D2B2F1BF71FE5001DAA62 /* NavViewController.m in Sources */ = {isa = PBXBuildFile; fileRef = DB2D2B1D1BF71FE5001DAA62 /* NavViewController.m */; settings = {ASSET_TAGS = (); }; };
		DB2D2B301BF71FE5001DAA62 /* NewsTableViewCell.m in Sources */ = {isa = PBXBuildFile; fileRef = DB2D2B1F1BF71FE5001DAA62 /* NewsTableViewCell.m */; settings = {ASSET_TAGS = (); }; };
		DB2D2B311BF71FE5001DAA62 /* NewsTableViewController.m in Sources */ = {isa = PBXBuildFile; fileRef = DB2D2B211BF71FE5001DAA62 /* NewsTableViewController.m */; settings = {ASSET_TAGS = (); }; };
		DB2D2B321BF71FE5001DAA62 /* SwitchView.m in Sources */ = {isa = PBXBuildFile; fileRef = DB2D2B241BF71FE5001DAA62 /* SwitchView.m */; settings = {ASSET_TAGS = (); }; };
		DB2D2B391BF72013001DAA62 /* AppDelegate.m in Sources */ = {isa = PBXBuildFile; fileRef = DB2D2B381BF72013001DAA62 /* AppDelegate.m */; settings = {ASSET_TAGS = (); }; };
		DB2D2B3B1BF7221F001DAA62 /* image1.jpg in Resources */ = {isa = PBXBuildFile; fileRef = DB2D2B3A1BF7221F001DAA62 /* image1.jpg */; settings = {ASSET_TAGS = (); }; };
		DB2D2B3E1BF72AE2001DAA62 /* ProfileTableViewController.m in Sources */ = {isa = PBXBuildFile; fileRef = DB2D2B3D1BF72AE2001DAA62 /* ProfileTableViewController.m */; settings = {ASSET_TAGS = (); }; };
		DB2D2B461BF73AB8001DAA62 /* BaiduMapAPI_Base.framework in Frameworks */ = {isa = PBXBuildFile; fileRef = DB2D2B3F1BF73AB8001DAA62 /* BaiduMapAPI_Base.framework */; };
		DB2D2B471BF73AB8001DAA62 /* BaiduMapAPI_Cloud.framework in Frameworks */ = {isa = PBXBuildFile; fileRef = DB2D2B401BF73AB8001DAA62 /* BaiduMapAPI_Cloud.framework */; };
		DB2D2B481BF73AB8001DAA62 /* BaiduMapAPI_Location.framework in Frameworks */ = {isa = PBXBuildFile; fileRef = DB2D2B411BF73AB8001DAA62 /* BaiduMapAPI_Location.framework */; };
		DB2D2B491BF73AB8001DAA62 /* BaiduMapAPI_Map.framework in Frameworks */ = {isa = PBXBuildFile; fileRef = DB2D2B421BF73AB8001DAA62 /* BaiduMapAPI_Map.framework */; };
		DB2D2B4A1BF73AB8001DAA62 /* BaiduMapAPI_Radar.framework in Frameworks */ = {isa = PBXBuildFile; fileRef = DB2D2B431BF73AB8001DAA62 /* BaiduMapAPI_Radar.framework */; };
		DB2D2B4B1BF73AB8001DAA62 /* BaiduMapAPI_Search.framework in Frameworks */ = {isa = PBXBuildFile; fileRef = DB2D2B441BF73AB8001DAA62 /* BaiduMapAPI_Search.framework */; };
		DB2D2B4C1BF73AB8001DAA62 /* BaiduMapAPI_Utils.framework in Frameworks */ = {isa = PBXBuildFile; fileRef = DB2D2B451BF73AB8001DAA62 /* BaiduMapAPI_Utils.framework */; };
		DB2D2B4E1BF73AE9001DAA62 /* CoreLocation.framework in Frameworks */ = {isa = PBXBuildFile; fileRef = DB2D2B4D1BF73AE9001DAA62 /* CoreLocation.framework */; };
		DB2D2B501BF73AF5001DAA62 /* QuartzCore.framework in Frameworks */ = {isa = PBXBuildFile; fileRef = DB2D2B4F1BF73AF5001DAA62 /* QuartzCore.framework */; };
		DB2D2B521BF73B00001DAA62 /* OpenGLES.framework in Frameworks */ = {isa = PBXBuildFile; fileRef = DB2D2B511BF73B00001DAA62 /* OpenGLES.framework */; };
		DB2D2B541BF73B12001DAA62 /* SystemConfiguration.framework in Frameworks */ = {isa = PBXBuildFile; fileRef = DB2D2B531BF73B12001DAA62 /* SystemConfiguration.framework */; };
		DB2D2B561BF73B5D001DAA62 /* libstdc++.6.0.9.tbd in Frameworks */ = {isa = PBXBuildFile; fileRef = DB2D2B551BF73B5D001DAA62 /* libstdc++.6.0.9.tbd */; };
		DB2D2B581BF73BE7001DAA62 /* mapapi.bundle in Resources */ = {isa = PBXBuildFile; fileRef = DB2D2B571BF73BE7001DAA62 /* mapapi.bundle */; settings = {ASSET_TAGS = (); }; };
		DB5FD08B1BFB362A007B9F6B /* DeformationButton.m in Sources */ = {isa = PBXBuildFile; fileRef = DB5FD0871BFB362A007B9F6B /* DeformationButton.m */; settings = {ASSET_TAGS = (); }; };
		DB5FD08C1BFB362A007B9F6B /* MMMaterialDesignSpinner.m in Sources */ = {isa = PBXBuildFile; fileRef = DB5FD08A1BFB362A007B9F6B /* MMMaterialDesignSpinner.m */; settings = {ASSET_TAGS = (); }; };
		DB5FD0901BFB37F4007B9F6B /* LoginViewController.m in Sources */ = {isa = PBXBuildFile; fileRef = DB5FD08F1BFB37F4007B9F6B /* LoginViewController.m */; settings = {ASSET_TAGS = (); }; };
		DB5FD0971BFB3FD9007B9F6B /* InputText.m in Sources */ = {isa = PBXBuildFile; fileRef = DB5FD0961BFB3FD9007B9F6B /* InputText.m */; settings = {ASSET_TAGS = (); }; };
		DB5FD09A1BFB4176007B9F6B /* UIView+XD.m in Sources */ = {isa = PBXBuildFile; fileRef = DB5FD0991BFB4176007B9F6B /* UIView+XD.m */; settings = {ASSET_TAGS = (); }; };
		DB7435291BCAA4960066C475 /* newsRecord.m in Sources */ = {isa = PBXBuildFile; fileRef = DB7435281BCAA4960066C475 /* newsRecord.m */; settings = {ASSET_TAGS = (); }; };
		DB8BC8A91BF86F1100E6CBF0 /* POITableViewController.m in Sources */ = {isa = PBXBuildFile; fileRef = DB8BC8A81BF86F1100E6CBF0 /* POITableViewController.m */; settings = {ASSET_TAGS = (); }; };
		DBF7D1661BA9AE200011FF73 /* main.m in Sources */ = {isa = PBXBuildFile; fileRef = DBF7D1651BA9AE200011FF73 /* main.m */; };
		DBF7D1721BA9AE200011FF73 /* Main.storyboard in Resources */ = {isa = PBXBuildFile; fileRef = DBF7D1701BA9AE200011FF73 /* Main.storyboard */; };
		DBF7D1741BA9AE200011FF73 /* Assets.xcassets in Resources */ = {isa = PBXBuildFile; fileRef = DBF7D1731BA9AE200011FF73 /* Assets.xcassets */; };
		DBF7D1771BA9AE200011FF73 /* LaunchScreen.storyboard in Resources */ = {isa = PBXBuildFile; fileRef = DBF7D1751BA9AE200011FF73 /* LaunchScreen.storyboard */; };
		DBF912F71C041A6800B58C46 /* MapPopViewController.m in Sources */ = {isa = PBXBuildFile; fileRef = DBF912F61C041A6800B58C46 /* MapPopViewController.m */; settings = {ASSET_TAGS = (); }; };
		DBFBCD741BECF39D005325CB /* CoreGraphics.framework in Frameworks */ = {isa = PBXBuildFile; fileRef = DBFBCD731BECF39D005325CB /* CoreGraphics.framework */; };
		DBFBCD761BECF3A6005325CB /* UIKit.framework in Frameworks */ = {isa = PBXBuildFile; fileRef = DBFBCD751BECF3A6005325CB /* UIKit.framework */; };
		DBFBCDBB1BECFF98005325CB /* MJRefreshAutoFooter.m in Sources */ = {isa = PBXBuildFile; fileRef = DBFBCD911BECFF98005325CB /* MJRefreshAutoFooter.m */; settings = {ASSET_TAGS = (); }; };
		DBFBCDBC1BECFF98005325CB /* MJRefreshBackFooter.m in Sources */ = {isa = PBXBuildFile; fileRef = DBFBCD931BECFF98005325CB /* MJRefreshBackFooter.m */; settings = {ASSET_TAGS = (); }; };
		DBFBCDBD1BECFF98005325CB /* MJRefreshComponent.m in Sources */ = {isa = PBXBuildFile; fileRef = DBFBCD951BECFF98005325CB /* MJRefreshComponent.m */; settings = {ASSET_TAGS = (); }; };
		DBFBCDBE1BECFF98005325CB /* MJRefreshFooter.m in Sources */ = {isa = PBXBuildFile; fileRef = DBFBCD971BECFF98005325CB /* MJRefreshFooter.m */; settings = {ASSET_TAGS = (); }; };
		DBFBCDBF1BECFF98005325CB /* MJRefreshHeader.m in Sources */ = {isa = PBXBuildFile; fileRef = DBFBCD991BECFF98005325CB /* MJRefreshHeader.m */; settings = {ASSET_TAGS = (); }; };
		DBFBCDC01BECFF98005325CB /* MJRefreshAutoGifFooter.m in Sources */ = {isa = PBXBuildFile; fileRef = DBFBCD9E1BECFF98005325CB /* MJRefreshAutoGifFooter.m */; settings = {ASSET_TAGS = (); }; };
		DBFBCDC11BECFF98005325CB /* MJRefreshAutoNormalFooter.m in Sources */ = {isa = PBXBuildFile; fileRef = DBFBCDA01BECFF98005325CB /* MJRefreshAutoNormalFooter.m */; settings = {ASSET_TAGS = (); }; };
		DBFBCDC21BECFF98005325CB /* MJRefreshAutoStateFooter.m in Sources */ = {isa = PBXBuildFile; fileRef = DBFBCDA21BECFF98005325CB /* MJRefreshAutoStateFooter.m */; settings = {ASSET_TAGS = (); }; };
		DBFBCDC31BECFF98005325CB /* MJRefreshBackGifFooter.m in Sources */ = {isa = PBXBuildFile; fileRef = DBFBCDA51BECFF98005325CB /* MJRefreshBackGifFooter.m */; settings = {ASSET_TAGS = (); }; };
		DBFBCDC41BECFF98005325CB /* MJRefreshBackNormalFooter.m in Sources */ = {isa = PBXBuildFile; fileRef = DBFBCDA71BECFF98005325CB /* MJRefreshBackNormalFooter.m */; settings = {ASSET_TAGS = (); }; };
		DBFBCDC51BECFF98005325CB /* MJRefreshBackStateFooter.m in Sources */ = {isa = PBXBuildFile; fileRef = DBFBCDA91BECFF98005325CB /* MJRefreshBackStateFooter.m */; settings = {ASSET_TAGS = (); }; };
		DBFBCDC61BECFF98005325CB /* MJRefreshGifHeader.m in Sources */ = {isa = PBXBuildFile; fileRef = DBFBCDAC1BECFF98005325CB /* MJRefreshGifHeader.m */; settings = {ASSET_TAGS = (); }; };
		DBFBCDC71BECFF98005325CB /* MJRefreshNormalHeader.m in Sources */ = {isa = PBXBuildFile; fileRef = DBFBCDAE1BECFF98005325CB /* MJRefreshNormalHeader.m */; settings = {ASSET_TAGS = (); }; };
		DBFBCDC81BECFF98005325CB /* MJRefreshStateHeader.m in Sources */ = {isa = PBXBuildFile; fileRef = DBFBCDB01BECFF98005325CB /* MJRefreshStateHeader.m */; settings = {ASSET_TAGS = (); }; };
		DBFBCDC91BECFF98005325CB /* MJRefresh.bundle in Resources */ = {isa = PBXBuildFile; fileRef = DBFBCDB11BECFF98005325CB /* MJRefresh.bundle */; settings = {ASSET_TAGS = (); }; };
		DBFBCDCA1BECFF98005325CB /* MJRefreshConst.m in Sources */ = {isa = PBXBuildFile; fileRef = DBFBCDB41BECFF98005325CB /* MJRefreshConst.m */; settings = {ASSET_TAGS = (); }; };
		DBFBCDCB1BECFF98005325CB /* UIScrollView+MJExtension.m in Sources */ = {isa = PBXBuildFile; fileRef = DBFBCDB61BECFF98005325CB /* UIScrollView+MJExtension.m */; settings = {ASSET_TAGS = (); }; };
		DBFBCDCC1BECFF98005325CB /* UIScrollView+MJRefresh.m in Sources */ = {isa = PBXBuildFile; fileRef = DBFBCDB81BECFF98005325CB /* UIScrollView+MJRefresh.m */; settings = {ASSET_TAGS = (); }; };
		DBFBCDCD1BECFF98005325CB /* UIView+MJExtension.m in Sources */ = {isa = PBXBuildFile; fileRef = DBFBCDBA1BECFF98005325CB /* UIView+MJExtension.m */; settings = {ASSET_TAGS = (); }; };
		DBFCA5DD1BFB791100F7878A /* loginbg.jpg in Resources */ = {isa = PBXBuildFile; fileRef = DBFCA5DC1BFB791100F7878A /* loginbg.jpg */; settings = {ASSET_TAGS = (); }; };
		DBFE9E7D1BCAAA1A0014A677 /* RssReader.m in Sources */ = {isa = PBXBuildFile; fileRef = DBFE9E7C1BCAAA1A0014A677 /* RssReader.m */; settings = {ASSET_TAGS = (); }; };
/* End PBXBuildFile section */

/* Begin PBXContainerItemProxy section */
		DBF7D17E1BA9AE200011FF73 /* PBXContainerItemProxy */ = {
			isa = PBXContainerItemProxy;
			containerPortal = DBF7D1591BA9AE200011FF73 /* Project object */;
			proxyType = 1;
			remoteGlobalIDString = DBF7D1601BA9AE200011FF73;
			remoteInfo = com.slk.FreshmanGuider;
		};
		DBF7D1891BA9AE200011FF73 /* PBXContainerItemProxy */ = {
			isa = PBXContainerItemProxy;
			containerPortal = DBF7D1591BA9AE200011FF73 /* Project object */;
			proxyType = 1;
			remoteGlobalIDString = DBF7D1601BA9AE200011FF73;
			remoteInfo = com.slk.FreshmanGuider;
		};
/* End PBXContainerItemProxy section */

/* Begin PBXFileReference section */
		DB018F101BFB118700FC5021 /* AVOSCloud.framework */ = {isa = PBXFileReference; lastKnownFileType = wrapper.framework; name = AVOSCloud.framework; path = leancloud/AVOSCloud.framework; sourceTree = "<group>"; };
		DB018F111BFB118700FC5021 /* AVOSCloudCrashReporting.framework */ = {isa = PBXFileReference; lastKnownFileType = wrapper.framework; name = AVOSCloudCrashReporting.framework; path = leancloud/AVOSCloudCrashReporting.framework; sourceTree = "<group>"; };
		DB018F121BFB118700FC5021 /* AVOSCloudIM.framework */ = {isa = PBXFileReference; lastKnownFileType = wrapper.framework; name = AVOSCloudIM.framework; path = leancloud/AVOSCloudIM.framework; sourceTree = "<group>"; };
		DB018F161BFB140600FC5021 /* MobileCoreServices.framework */ = {isa = PBXFileReference; lastKnownFileType = wrapper.framework; name = MobileCoreServices.framework; path = System/Library/Frameworks/MobileCoreServices.framework; sourceTree = SDKROOT; };
		DB0331AA1BFC9EC300C020D5 /* ChatViewController.h */ = {isa = PBXFileReference; fileEncoding = 4; lastKnownFileType = sourcecode.c.h; path = ChatViewController.h; sourceTree = "<group>"; };
		DB0331AB1BFC9EC300C020D5 /* ChatViewController.m */ = {isa = PBXFileReference; fileEncoding = 4; lastKnownFileType = sourcecode.c.objc; path = ChatViewController.m; sourceTree = "<group>"; };
		DB0B88BA1BCBB3E900ED685A /* DataManager.h */ = {isa = PBXFileReference; fileEncoding = 4; lastKnownFileType = sourcecode.c.h; name = DataManager.h; path = Model/DataManager.h; sourceTree = "<group>"; };
		DB0B88BB1BCBB3E900ED685A /* DataManager.m */ = {isa = PBXFileReference; fileEncoding = 4; lastKnownFileType = sourcecode.c.objc; name = DataManager.m; path = Model/DataManager.m; sourceTree = "<group>"; };
		DB29EC381BF7838B00B91DB3 /* CoreTelephony.framework */ = {isa = PBXFileReference; lastKnownFileType = wrapper.framework; name = CoreTelephony.framework; path = System/Library/Frameworks/CoreTelephony.framework; sourceTree = SDKROOT; };
		DB29EC3A1BF7839700B91DB3 /* libsqlite3.0.tbd */ = {isa = PBXFileReference; lastKnownFileType = "sourcecode.text-based-dylib-definition"; name = libsqlite3.0.tbd; path = usr/lib/libsqlite3.0.tbd; sourceTree = SDKROOT; };
		DB29EC3C1BF7849B00B91DB3 /* NewsDetailViewController.h */ = {isa = PBXFileReference; fileEncoding = 4; lastKnownFileType = sourcecode.c.h; path = NewsDetailViewController.h; sourceTree = "<group>"; };
		DB29EC3D1BF7849B00B91DB3 /* NewsDetailViewController.m */ = {isa = PBXFileReference; fileEncoding = 4; lastKnownFileType = sourcecode.c.objc; path = NewsDetailViewController.m; sourceTree = "<group>"; };
		DB2D2B111BF71FE5001DAA62 /* AssistTableViewController.h */ = {isa = PBXFileReference; fileEncoding = 4; lastKnownFileType = sourcecode.c.h; path = AssistTableViewController.h; sourceTree = "<group>"; };
		DB2D2B121BF71FE5001DAA62 /* AssistTableViewController.m */ = {isa = PBXFileReference; fileEncoding = 4; lastKnownFileType = sourcecode.c.objc; path = AssistTableViewController.m; sourceTree = "<group>"; };
		DB2D2B1A1BF71FE5001DAA62 /* MainViewController.h */ = {isa = PBXFileReference; fileEncoding = 4; lastKnownFileType = sourcecode.c.h; path = MainViewController.h; sourceTree = "<group>"; };
		DB2D2B1B1BF71FE5001DAA62 /* MainViewController.m */ = {isa = PBXFileReference; fileEncoding = 4; lastKnownFileType = sourcecode.c.objc; path = MainViewController.m; sourceTree = "<group>"; };
		DB2D2B1C1BF71FE5001DAA62 /* NavViewController.h */ = {isa = PBXFileReference; fileEncoding = 4; lastKnownFileType = sourcecode.c.h; path = NavViewController.h; sourceTree = "<group>"; };
		DB2D2B1D1BF71FE5001DAA62 /* NavViewController.m */ = {isa = PBXFileReference; fileEncoding = 4; lastKnownFileType = sourcecode.c.objc; path = NavViewController.m; sourceTree = "<group>"; };
		DB2D2B1E1BF71FE5001DAA62 /* NewsTableViewCell.h */ = {isa = PBXFileReference; fileEncoding = 4; lastKnownFileType = sourcecode.c.h; path = NewsTableViewCell.h; sourceTree = "<group>"; };
		DB2D2B1F1BF71FE5001DAA62 /* NewsTableViewCell.m */ = {isa = PBXFileReference; fileEncoding = 4; lastKnownFileType = sourcecode.c.objc; path = NewsTableViewCell.m; sourceTree = "<group>"; };
		DB2D2B201BF71FE5001DAA62 /* NewsTableViewController.h */ = {isa = PBXFileReference; fileEncoding = 4; lastKnownFileType = sourcecode.c.h; path = NewsTableViewController.h; sourceTree = "<group>"; };
		DB2D2B211BF71FE5001DAA62 /* NewsTableViewController.m */ = {isa = PBXFileReference; fileEncoding = 4; lastKnownFileType = sourcecode.c.objc; path = NewsTableViewController.m; sourceTree = "<group>"; };
		DB2D2B221BF71FE5001DAA62 /* SlideMenuHeader.h */ = {isa = PBXFileReference; fileEncoding = 4; lastKnownFileType = sourcecode.c.h; path = SlideMenuHeader.h; sourceTree = "<group>"; };
		DB2D2B231BF71FE5001DAA62 /* SwitchView.h */ = {isa = PBXFileReference; fileEncoding = 4; lastKnownFileType = sourcecode.c.h; path = SwitchView.h; sourceTree = "<group>"; };
		DB2D2B241BF71FE5001DAA62 /* SwitchView.m */ = {isa = PBXFileReference; fileEncoding = 4; lastKnownFileType = sourcecode.c.objc; path = SwitchView.m; sourceTree = "<group>"; };
		DB2D2B371BF72013001DAA62 /* AppDelegate.h */ = {isa = PBXFileReference; fileEncoding = 4; lastKnownFileType = sourcecode.c.h; path = AppDelegate.h; sourceTree = "<group>"; };
		DB2D2B381BF72013001DAA62 /* AppDelegate.m */ = {isa = PBXFileReference; fileEncoding = 4; lastKnownFileType = sourcecode.c.objc; path = AppDelegate.m; sourceTree = "<group>"; };
		DB2D2B3A1BF7221F001DAA62 /* image1.jpg */ = {isa = PBXFileReference; lastKnownFileType = image.jpeg; path = image1.jpg; sourceTree = "<group>"; };
		DB2D2B3C1BF72AE2001DAA62 /* ProfileTableViewController.h */ = {isa = PBXFileReference; fileEncoding = 4; lastKnownFileType = sourcecode.c.h; path = ProfileTableViewController.h; sourceTree = "<group>"; };
		DB2D2B3D1BF72AE2001DAA62 /* ProfileTableViewController.m */ = {isa = PBXFileReference; fileEncoding = 4; lastKnownFileType = sourcecode.c.objc; path = ProfileTableViewController.m; sourceTree = "<group>"; };
		DB2D2B3F1BF73AB8001DAA62 /* BaiduMapAPI_Base.framework */ = {isa = PBXFileReference; lastKnownFileType = wrapper.framework; name = BaiduMapAPI_Base.framework; path = BaiduMapAPI/BaiduMapAPI_Base.framework; sourceTree = "<group>"; };
		DB2D2B401BF73AB8001DAA62 /* BaiduMapAPI_Cloud.framework */ = {isa = PBXFileReference; lastKnownFileType = wrapper.framework; name = BaiduMapAPI_Cloud.framework; path = BaiduMapAPI/BaiduMapAPI_Cloud.framework; sourceTree = "<group>"; };
		DB2D2B411BF73AB8001DAA62 /* BaiduMapAPI_Location.framework */ = {isa = PBXFileReference; lastKnownFileType = wrapper.framework; name = BaiduMapAPI_Location.framework; path = BaiduMapAPI/BaiduMapAPI_Location.framework; sourceTree = "<group>"; };
		DB2D2B421BF73AB8001DAA62 /* BaiduMapAPI_Map.framework */ = {isa = PBXFileReference; lastKnownFileType = wrapper.framework; name = BaiduMapAPI_Map.framework; path = BaiduMapAPI/BaiduMapAPI_Map.framework; sourceTree = "<group>"; };
		DB2D2B431BF73AB8001DAA62 /* BaiduMapAPI_Radar.framework */ = {isa = PBXFileReference; lastKnownFileType = wrapper.framework; name = BaiduMapAPI_Radar.framework; path = BaiduMapAPI/BaiduMapAPI_Radar.framework; sourceTree = "<group>"; };
		DB2D2B441BF73AB8001DAA62 /* BaiduMapAPI_Search.framework */ = {isa = PBXFileReference; lastKnownFileType = wrapper.framework; name = BaiduMapAPI_Search.framework; path = BaiduMapAPI/BaiduMapAPI_Search.framework; sourceTree = "<group>"; };
		DB2D2B451BF73AB8001DAA62 /* BaiduMapAPI_Utils.framework */ = {isa = PBXFileReference; lastKnownFileType = wrapper.framework; name = BaiduMapAPI_Utils.framework; path = BaiduMapAPI/BaiduMapAPI_Utils.framework; sourceTree = "<group>"; };
		DB2D2B4D1BF73AE9001DAA62 /* CoreLocation.framework */ = {isa = PBXFileReference; lastKnownFileType = wrapper.framework; name = CoreLocation.framework; path = System/Library/Frameworks/CoreLocation.framework; sourceTree = SDKROOT; };
		DB2D2B4F1BF73AF5001DAA62 /* QuartzCore.framework */ = {isa = PBXFileReference; lastKnownFileType = wrapper.framework; name = QuartzCore.framework; path = System/Library/Frameworks/QuartzCore.framework; sourceTree = SDKROOT; };
		DB2D2B511BF73B00001DAA62 /* OpenGLES.framework */ = {isa = PBXFileReference; lastKnownFileType = wrapper.framework; name = OpenGLES.framework; path = System/Library/Frameworks/OpenGLES.framework; sourceTree = SDKROOT; };
		DB2D2B531BF73B12001DAA62 /* SystemConfiguration.framework */ = {isa = PBXFileReference; lastKnownFileType = wrapper.framework; name = SystemConfiguration.framework; path = System/Library/Frameworks/SystemConfiguration.framework; sourceTree = SDKROOT; };
		DB2D2B551BF73B5D001DAA62 /* libstdc++.6.0.9.tbd */ = {isa = PBXFileReference; lastKnownFileType = "sourcecode.text-based-dylib-definition"; name = "libstdc++.6.0.9.tbd"; path = "usr/lib/libstdc++.6.0.9.tbd"; sourceTree = SDKROOT; };
		DB2D2B571BF73BE7001DAA62 /* mapapi.bundle */ = {isa = PBXFileReference; lastKnownFileType = "wrapper.plug-in"; name = mapapi.bundle; path = BaiduMapAPI/BaiduMapAPI_Map.framework/Resources/mapapi.bundle; sourceTree = "<group>"; };
		DB5FD0861BFB362A007B9F6B /* DeformationButton.h */ = {isa = PBXFileReference; fileEncoding = 4; lastKnownFileType = sourcecode.c.h; name = DeformationButton.h; path = DeformationButton/DeformationButton.h; sourceTree = "<group>"; };
		DB5FD0871BFB362A007B9F6B /* DeformationButton.m */ = {isa = PBXFileReference; fileEncoding = 4; lastKnownFileType = sourcecode.c.objc; name = DeformationButton.m; path = DeformationButton/DeformationButton.m; sourceTree = "<group>"; };
		DB5FD0891BFB362A007B9F6B /* MMMaterialDesignSpinner.h */ = {isa = PBXFileReference; fileEncoding = 4; lastKnownFileType = sourcecode.c.h; path = MMMaterialDesignSpinner.h; sourceTree = "<group>"; };
		DB5FD08A1BFB362A007B9F6B /* MMMaterialDesignSpinner.m */ = {isa = PBXFileReference; fileEncoding = 4; lastKnownFileType = sourcecode.c.objc; path = MMMaterialDesignSpinner.m; sourceTree = "<group>"; };
		DB5FD08E1BFB37F4007B9F6B /* LoginViewController.h */ = {isa = PBXFileReference; fileEncoding = 4; lastKnownFileType = sourcecode.c.h; path = LoginViewController.h; sourceTree = "<group>"; };
		DB5FD08F1BFB37F4007B9F6B /* LoginViewController.m */ = {isa = PBXFileReference; fileEncoding = 4; lastKnownFileType = sourcecode.c.objc; path = LoginViewController.m; sourceTree = "<group>"; };
		DB5FD0951BFB3FD9007B9F6B /* InputText.h */ = {isa = PBXFileReference; fileEncoding = 4; lastKnownFileType = sourcecode.c.h; name = InputText.h; path = InputText/InputText.h; sourceTree = SOURCE_ROOT; };
		DB5FD0961BFB3FD9007B9F6B /* InputText.m */ = {isa = PBXFileReference; fileEncoding = 4; lastKnownFileType = sourcecode.c.objc; name = InputText.m; path = InputText/InputText.m; sourceTree = SOURCE_ROOT; };
		DB5FD0981BFB4176007B9F6B /* UIView+XD.h */ = {isa = PBXFileReference; fileEncoding = 4; lastKnownFileType = sourcecode.c.h; name = "UIView+XD.h"; path = "InputText/UIView+XD.h"; sourceTree = SOURCE_ROOT; };
		DB5FD0991BFB4176007B9F6B /* UIView+XD.m */ = {isa = PBXFileReference; fileEncoding = 4; lastKnownFileType = sourcecode.c.objc; name = "UIView+XD.m"; path = "InputText/UIView+XD.m"; sourceTree = SOURCE_ROOT; };
		DB7435271BCAA4960066C475 /* newsRecord.h */ = {isa = PBXFileReference; fileEncoding = 4; lastKnownFileType = sourcecode.c.h; name = newsRecord.h; path = Model/newsRecord.h; sourceTree = "<group>"; };
		DB7435281BCAA4960066C475 /* newsRecord.m */ = {isa = PBXFileReference; fileEncoding = 4; lastKnownFileType = sourcecode.c.objc; name = newsRecord.m; path = Model/newsRecord.m; sourceTree = "<group>"; };
		DB8BC8A71BF86F1100E6CBF0 /* POITableViewController.h */ = {isa = PBXFileReference; fileEncoding = 4; lastKnownFileType = sourcecode.c.h; path = POITableViewController.h; sourceTree = "<group>"; };
		DB8BC8A81BF86F1100E6CBF0 /* POITableViewController.m */ = {isa = PBXFileReference; fileEncoding = 4; lastKnownFileType = sourcecode.c.objc; path = POITableViewController.m; sourceTree = "<group>"; };
		DBF7D1611BA9AE200011FF73 /* com.slk.FreshmanGuider.app */ = {isa = PBXFileReference; explicitFileType = wrapper.application; includeInIndex = 0; path = com.slk.FreshmanGuider.app; sourceTree = BUILT_PRODUCTS_DIR; };
		DBF7D1651BA9AE200011FF73 /* main.m */ = {isa = PBXFileReference; lastKnownFileType = sourcecode.c.objc; path = main.m; sourceTree = "<group>"; };
		DBF7D1711BA9AE200011FF73 /* Base */ = {isa = PBXFileReference; lastKnownFileType = file.storyboard; name = Base; path = Base.lproj/Main.storyboard; sourceTree = "<group>"; };
		DBF7D1731BA9AE200011FF73 /* Assets.xcassets */ = {isa = PBXFileReference; lastKnownFileType = folder.assetcatalog; path = Assets.xcassets; sourceTree = "<group>"; };
		DBF7D1761BA9AE200011FF73 /* Base */ = {isa = PBXFileReference; lastKnownFileType = file.storyboard; name = Base; path = Base.lproj/LaunchScreen.storyboard; sourceTree = "<group>"; };
		DBF7D1781BA9AE200011FF73 /* Info.plist */ = {isa = PBXFileReference; lastKnownFileType = text.plist.xml; path = Info.plist; sourceTree = "<group>"; };
		DBF7D17D1BA9AE200011FF73 /* com.slk.FreshmanGuiderTests.xctest */ = {isa = PBXFileReference; explicitFileType = wrapper.cfbundle; includeInIndex = 0; path = com.slk.FreshmanGuiderTests.xctest; sourceTree = BUILT_PRODUCTS_DIR; };
		DBF7D1881BA9AE200011FF73 /* com.slk.FreshmanGuiderUITests.xctest */ = {isa = PBXFileReference; explicitFileType = wrapper.cfbundle; includeInIndex = 0; path = com.slk.FreshmanGuiderUITests.xctest; sourceTree = BUILT_PRODUCTS_DIR; };
		DBF912F51C041A6800B58C46 /* MapPopViewController.h */ = {isa = PBXFileReference; fileEncoding = 4; lastKnownFileType = sourcecode.c.h; path = MapPopViewController.h; sourceTree = "<group>"; };
		DBF912F61C041A6800B58C46 /* MapPopViewController.m */ = {isa = PBXFileReference; fileEncoding = 4; lastKnownFileType = sourcecode.c.objc; path = MapPopViewController.m; sourceTree = "<group>"; };
		DBFBCD731BECF39D005325CB /* CoreGraphics.framework */ = {isa = PBXFileReference; lastKnownFileType = wrapper.framework; name = CoreGraphics.framework; path = System/Library/Frameworks/CoreGraphics.framework; sourceTree = SDKROOT; };
		DBFBCD751BECF3A6005325CB /* UIKit.framework */ = {isa = PBXFileReference; lastKnownFileType = wrapper.framework; name = UIKit.framework; path = System/Library/Frameworks/UIKit.framework; sourceTree = SDKROOT; };
		DBFBCD7B1BECF4DC005325CB /* Header.h */ = {isa = PBXFileReference; lastKnownFileType = sourcecode.c.h; path = Header.h; sourceTree = "<group>"; };
		DBFBCD901BECFF98005325CB /* MJRefreshAutoFooter.h */ = {isa = PBXFileReference; fileEncoding = 4; lastKnownFileType = sourcecode.c.h; path = MJRefreshAutoFooter.h; sourceTree = "<group>"; };
		DBFBCD911BECFF98005325CB /* MJRefreshAutoFooter.m */ = {isa = PBXFileReference; fileEncoding = 4; lastKnownFileType = sourcecode.c.objc; path = MJRefreshAutoFooter.m; sourceTree = "<group>"; };
		DBFBCD921BECFF98005325CB /* MJRefreshBackFooter.h */ = {isa = PBXFileReference; fileEncoding = 4; lastKnownFileType = sourcecode.c.h; path = MJRefreshBackFooter.h; sourceTree = "<group>"; };
		DBFBCD931BECFF98005325CB /* MJRefreshBackFooter.m */ = {isa = PBXFileReference; fileEncoding = 4; lastKnownFileType = sourcecode.c.objc; path = MJRefreshBackFooter.m; sourceTree = "<group>"; };
		DBFBCD941BECFF98005325CB /* MJRefreshComponent.h */ = {isa = PBXFileReference; fileEncoding = 4; lastKnownFileType = sourcecode.c.h; path = MJRefreshComponent.h; sourceTree = "<group>"; };
		DBFBCD951BECFF98005325CB /* MJRefreshComponent.m */ = {isa = PBXFileReference; fileEncoding = 4; lastKnownFileType = sourcecode.c.objc; path = MJRefreshComponent.m; sourceTree = "<group>"; };
		DBFBCD961BECFF98005325CB /* MJRefreshFooter.h */ = {isa = PBXFileReference; fileEncoding = 4; lastKnownFileType = sourcecode.c.h; path = MJRefreshFooter.h; sourceTree = "<group>"; };
		DBFBCD971BECFF98005325CB /* MJRefreshFooter.m */ = {isa = PBXFileReference; fileEncoding = 4; lastKnownFileType = sourcecode.c.objc; path = MJRefreshFooter.m; sourceTree = "<group>"; };
		DBFBCD981BECFF98005325CB /* MJRefreshHeader.h */ = {isa = PBXFileReference; fileEncoding = 4; lastKnownFileType = sourcecode.c.h; path = MJRefreshHeader.h; sourceTree = "<group>"; };
		DBFBCD991BECFF98005325CB /* MJRefreshHeader.m */ = {isa = PBXFileReference; fileEncoding = 4; lastKnownFileType = sourcecode.c.objc; path = MJRefreshHeader.m; sourceTree = "<group>"; };
		DBFBCD9D1BECFF98005325CB /* MJRefreshAutoGifFooter.h */ = {isa = PBXFileReference; fileEncoding = 4; lastKnownFileType = sourcecode.c.h; path = MJRefreshAutoGifFooter.h; sourceTree = "<group>"; };
		DBFBCD9E1BECFF98005325CB /* MJRefreshAutoGifFooter.m */ = {isa = PBXFileReference; fileEncoding = 4; lastKnownFileType = sourcecode.c.objc; path = MJRefreshAutoGifFooter.m; sourceTree = "<group>"; };
		DBFBCD9F1BECFF98005325CB /* MJRefreshAutoNormalFooter.h */ = {isa = PBXFileReference; fileEncoding = 4; lastKnownFileType = sourcecode.c.h; path = MJRefreshAutoNormalFooter.h; sourceTree = "<group>"; };
		DBFBCDA01BECFF98005325CB /* MJRefreshAutoNormalFooter.m */ = {isa = PBXFileReference; fileEncoding = 4; lastKnownFileType = sourcecode.c.objc; path = MJRefreshAutoNormalFooter.m; sourceTree = "<group>"; };
		DBFBCDA11BECFF98005325CB /* MJRefreshAutoStateFooter.h */ = {isa = PBXFileReference; fileEncoding = 4; lastKnownFileType = sourcecode.c.h; path = MJRefreshAutoStateFooter.h; sourceTree = "<group>"; };
		DBFBCDA21BECFF98005325CB /* MJRefreshAutoStateFooter.m */ = {isa = PBXFileReference; fileEncoding = 4; lastKnownFileType = sourcecode.c.objc; path = MJRefreshAutoStateFooter.m; sourceTree = "<group>"; };
		DBFBCDA41BECFF98005325CB /* MJRefreshBackGifFooter.h */ = {isa = PBXFileReference; fileEncoding = 4; lastKnownFileType = sourcecode.c.h; path = MJRefreshBackGifFooter.h; sourceTree = "<group>"; };
		DBFBCDA51BECFF98005325CB /* MJRefreshBackGifFooter.m */ = {isa = PBXFileReference; fileEncoding = 4; lastKnownFileType = sourcecode.c.objc; path = MJRefreshBackGifFooter.m; sourceTree = "<group>"; };
		DBFBCDA61BECFF98005325CB /* MJRefreshBackNormalFooter.h */ = {isa = PBXFileReference; fileEncoding = 4; lastKnownFileType = sourcecode.c.h; path = MJRefreshBackNormalFooter.h; sourceTree = "<group>"; };
		DBFBCDA71BECFF98005325CB /* MJRefreshBackNormalFooter.m */ = {isa = PBXFileReference; fileEncoding = 4; lastKnownFileType = sourcecode.c.objc; path = MJRefreshBackNormalFooter.m; sourceTree = "<group>"; };
		DBFBCDA81BECFF98005325CB /* MJRefreshBackStateFooter.h */ = {isa = PBXFileReference; fileEncoding = 4; lastKnownFileType = sourcecode.c.h; path = MJRefreshBackStateFooter.h; sourceTree = "<group>"; };
		DBFBCDA91BECFF98005325CB /* MJRefreshBackStateFooter.m */ = {isa = PBXFileReference; fileEncoding = 4; lastKnownFileType = sourcecode.c.objc; path = MJRefreshBackStateFooter.m; sourceTree = "<group>"; };
		DBFBCDAB1BECFF98005325CB /* MJRefreshGifHeader.h */ = {isa = PBXFileReference; fileEncoding = 4; lastKnownFileType = sourcecode.c.h; path = MJRefreshGifHeader.h; sourceTree = "<group>"; };
		DBFBCDAC1BECFF98005325CB /* MJRefreshGifHeader.m */ = {isa = PBXFileReference; fileEncoding = 4; lastKnownFileType = sourcecode.c.objc; path = MJRefreshGifHeader.m; sourceTree = "<group>"; };
		DBFBCDAD1BECFF98005325CB /* MJRefreshNormalHeader.h */ = {isa = PBXFileReference; fileEncoding = 4; lastKnownFileType = sourcecode.c.h; path = MJRefreshNormalHeader.h; sourceTree = "<group>"; };
		DBFBCDAE1BECFF98005325CB /* MJRefreshNormalHeader.m */ = {isa = PBXFileReference; fileEncoding = 4; lastKnownFileType = sourcecode.c.objc; path = MJRefreshNormalHeader.m; sourceTree = "<group>"; };
		DBFBCDAF1BECFF98005325CB /* MJRefreshStateHeader.h */ = {isa = PBXFileReference; fileEncoding = 4; lastKnownFileType = sourcecode.c.h; path = MJRefreshStateHeader.h; sourceTree = "<group>"; };
		DBFBCDB01BECFF98005325CB /* MJRefreshStateHeader.m */ = {isa = PBXFileReference; fileEncoding = 4; lastKnownFileType = sourcecode.c.objc; path = MJRefreshStateHeader.m; sourceTree = "<group>"; };
		DBFBCDB11BECFF98005325CB /* MJRefresh.bundle */ = {isa = PBXFileReference; lastKnownFileType = "wrapper.plug-in"; path = MJRefresh.bundle; sourceTree = "<group>"; };
		DBFBCDB21BECFF98005325CB /* MJRefresh.h */ = {isa = PBXFileReference; fileEncoding = 4; lastKnownFileType = sourcecode.c.h; path = MJRefresh.h; sourceTree = "<group>"; };
		DBFBCDB31BECFF98005325CB /* MJRefreshConst.h */ = {isa = PBXFileReference; fileEncoding = 4; lastKnownFileType = sourcecode.c.h; path = MJRefreshConst.h; sourceTree = "<group>"; };
		DBFBCDB41BECFF98005325CB /* MJRefreshConst.m */ = {isa = PBXFileReference; fileEncoding = 4; lastKnownFileType = sourcecode.c.objc; path = MJRefreshConst.m; sourceTree = "<group>"; };
		DBFBCDB51BECFF98005325CB /* UIScrollView+MJExtension.h */ = {isa = PBXFileReference; fileEncoding = 4; lastKnownFileType = sourcecode.c.h; path = "UIScrollView+MJExtension.h"; sourceTree = "<group>"; };
		DBFBCDB61BECFF98005325CB /* UIScrollView+MJExtension.m */ = {isa = PBXFileReference; fileEncoding = 4; lastKnownFileType = sourcecode.c.objc; path = "UIScrollView+MJExtension.m"; sourceTree = "<group>"; };
		DBFBCDB71BECFF98005325CB /* UIScrollView+MJRefresh.h */ = {isa = PBXFileReference; fileEncoding = 4; lastKnownFileType = sourcecode.c.h; path = "UIScrollView+MJRefresh.h"; sourceTree = "<group>"; };
		DBFBCDB81BECFF98005325CB /* UIScrollView+MJRefresh.m */ = {isa = PBXFileReference; fileEncoding = 4; lastKnownFileType = sourcecode.c.objc; path = "UIScrollView+MJRefresh.m"; sourceTree = "<group>"; };
		DBFBCDB91BECFF98005325CB /* UIView+MJExtension.h */ = {isa = PBXFileReference; fileEncoding = 4; lastKnownFileType = sourcecode.c.h; path = "UIView+MJExtension.h"; sourceTree = "<group>"; };
		DBFBCDBA1BECFF98005325CB /* UIView+MJExtension.m */ = {isa = PBXFileReference; fileEncoding = 4; lastKnownFileType = sourcecode.c.objc; path = "UIView+MJExtension.m"; sourceTree = "<group>"; };
		DBFCA5DC1BFB791100F7878A /* loginbg.jpg */ = {isa = PBXFileReference; lastKnownFileType = image.jpeg; path = loginbg.jpg; sourceTree = "<group>"; };
		DBFE9E7B1BCAAA1A0014A677 /* RssReader.h */ = {isa = PBXFileReference; fileEncoding = 4; lastKnownFileType = sourcecode.c.h; name = RssReader.h; path = Model/RssReader.h; sourceTree = "<group>"; };
		DBFE9E7C1BCAAA1A0014A677 /* RssReader.m */ = {isa = PBXFileReference; fileEncoding = 4; lastKnownFileType = sourcecode.c.objc; name = RssReader.m; path = Model/RssReader.m; sourceTree = "<group>"; };
/* End PBXFileReference section */

/* Begin PBXFrameworksBuildPhase section */
		DBF7D15E1BA9AE200011FF73 /* Frameworks */ = {
			isa = PBXFrameworksBuildPhase;
			buildActionMask = 2147483647;
			files = (
				DB29EC391BF7838B00B91DB3 /* CoreTelephony.framework in Frameworks */,
				DB2D2B4E1BF73AE9001DAA62 /* CoreLocation.framework in Frameworks */,
				DB018F171BFB140600FC5021 /* MobileCoreServices.framework in Frameworks */,
				DB2D2B541BF73B12001DAA62 /* SystemConfiguration.framework in Frameworks */,
				DB018F131BFB118700FC5021 /* AVOSCloud.framework in Frameworks */,
				DB018F151BFB118700FC5021 /* AVOSCloudIM.framework in Frameworks */,
				DB29EC3B1BF7839700B91DB3 /* libsqlite3.0.tbd in Frameworks */,
				DB2D2B561BF73B5D001DAA62 /* libstdc++.6.0.9.tbd in Frameworks */,
				DBFBCD741BECF39D005325CB /* CoreGraphics.framework in Frameworks */,
				DB2D2B521BF73B00001DAA62 /* OpenGLES.framework in Frameworks */,
				DB2D2B501BF73AF5001DAA62 /* QuartzCore.framework in Frameworks */,
				DB2D2B461BF73AB8001DAA62 /* BaiduMapAPI_Base.framework in Frameworks */,
				DB2D2B471BF73AB8001DAA62 /* BaiduMapAPI_Cloud.framework in Frameworks */,
				DB2D2B481BF73AB8001DAA62 /* BaiduMapAPI_Location.framework in Frameworks */,
				DB2D2B491BF73AB8001DAA62 /* BaiduMapAPI_Map.framework in Frameworks */,
				DB2D2B4A1BF73AB8001DAA62 /* BaiduMapAPI_Radar.framework in Frameworks */,
				DB2D2B4B1BF73AB8001DAA62 /* BaiduMapAPI_Search.framework in Frameworks */,
				DB2D2B4C1BF73AB8001DAA62 /* BaiduMapAPI_Utils.framework in Frameworks */,
				DBFBCD761BECF3A6005325CB /* UIKit.framework in Frameworks */,
			);
			runOnlyForDeploymentPostprocessing = 0;
		};
		DBF7D17A1BA9AE200011FF73 /* Frameworks */ = {
			isa = PBXFrameworksBuildPhase;
			buildActionMask = 2147483647;
			files = (
			);
			runOnlyForDeploymentPostprocessing = 0;
		};
		DBF7D1851BA9AE200011FF73 /* Frameworks */ = {
			isa = PBXFrameworksBuildPhase;
			buildActionMask = 2147483647;
			files = (
			);
			runOnlyForDeploymentPostprocessing = 0;
		};
/* End PBXFrameworksBuildPhase section */

/* Begin PBXGroup section */
		DB2D2B101BF71FE5001DAA62 /* View */ = {
			isa = PBXGroup;
			children = (
				DB2D2B131BF71FE5001DAA62 /* image */,
				DB2D2B111BF71FE5001DAA62 /* AssistTableViewController.h */,
				DB2D2B121BF71FE5001DAA62 /* AssistTableViewController.m */,
				DB2D2B1A1BF71FE5001DAA62 /* MainViewController.h */,
				DB2D2B1B1BF71FE5001DAA62 /* MainViewController.m */,
				DB2D2B1C1BF71FE5001DAA62 /* NavViewController.h */,
				DB2D2B1D1BF71FE5001DAA62 /* NavViewController.m */,
				DBF912F51C041A6800B58C46 /* MapPopViewController.h */,
				DBF912F61C041A6800B58C46 /* MapPopViewController.m */,
				DB2D2B1E1BF71FE5001DAA62 /* NewsTableViewCell.h */,
				DB2D2B1F1BF71FE5001DAA62 /* NewsTableViewCell.m */,
				DB2D2B201BF71FE5001DAA62 /* NewsTableViewController.h */,
				DB2D2B211BF71FE5001DAA62 /* NewsTableViewController.m */,
				DB2D2B221BF71FE5001DAA62 /* SlideMenuHeader.h */,
				DB2D2B231BF71FE5001DAA62 /* SwitchView.h */,
				DB2D2B241BF71FE5001DAA62 /* SwitchView.m */,
				DB2D2B3C1BF72AE2001DAA62 /* ProfileTableViewController.h */,
				DB2D2B3D1BF72AE2001DAA62 /* ProfileTableViewController.m */,
				DB29EC3C1BF7849B00B91DB3 /* NewsDetailViewController.h */,
				DB29EC3D1BF7849B00B91DB3 /* NewsDetailViewController.m */,
				DB8BC8A71BF86F1100E6CBF0 /* POITableViewController.h */,
				DB8BC8A81BF86F1100E6CBF0 /* POITableViewController.m */,
				DB5FD08E1BFB37F4007B9F6B /* LoginViewController.h */,
				DB5FD08F1BFB37F4007B9F6B /* LoginViewController.m */,
				DB0331AA1BFC9EC300C020D5 /* ChatViewController.h */,
				DB0331AB1BFC9EC300C020D5 /* ChatViewController.m */,
			);
			path = View;
			sourceTree = "<group>";
		};
		DB2D2B131BF71FE5001DAA62 /* image */ = {
			isa = PBXGroup;
			children = (
				DBFCA5DC1BFB791100F7878A /* loginbg.jpg */,
				DB2D2B3A1BF7221F001DAA62 /* image1.jpg */,
			);
			path = image;
			sourceTree = "<group>";
		};
		DB5FD0881BFB362A007B9F6B /* MMMaterialDesignSpinner-master */ = {
			isa = PBXGroup;
			children = (
				DB5FD0891BFB362A007B9F6B /* MMMaterialDesignSpinner.h */,
				DB5FD08A1BFB362A007B9F6B /* MMMaterialDesignSpinner.m */,
			);
			name = "MMMaterialDesignSpinner-master";
			path = "DeformationButton/MMMaterialDesignSpinner-master";
			sourceTree = "<group>";
		};
		DB5FD08D1BFB3631007B9F6B /* DeformationButton */ = {
			isa = PBXGroup;
			children = (
				DB5FD0861BFB362A007B9F6B /* DeformationButton.h */,
				DB5FD0871BFB362A007B9F6B /* DeformationButton.m */,
				DB5FD0881BFB362A007B9F6B /* MMMaterialDesignSpinner-master */,
			);
			name = DeformationButton;
			path = ..;
			sourceTree = "<group>";
		};
		DB5FD0941BFB3F7B007B9F6B /* InputText */ = {
			isa = PBXGroup;
			children = (
				DB5FD0981BFB4176007B9F6B /* UIView+XD.h */,
				DB5FD0991BFB4176007B9F6B /* UIView+XD.m */,
				DB5FD0951BFB3FD9007B9F6B /* InputText.h */,
				DB5FD0961BFB3FD9007B9F6B /* InputText.m */,
			);
			name = InputText;
			sourceTree = "<group>";
		};
		DB7435261BCAA42A0066C475 /* Model */ = {
			isa = PBXGroup;
			children = (
				DB7435271BCAA4960066C475 /* newsRecord.h */,
				DB7435281BCAA4960066C475 /* newsRecord.m */,
				DBFE9E7B1BCAAA1A0014A677 /* RssReader.h */,
				DBFE9E7C1BCAAA1A0014A677 /* RssReader.m */,
				DB0B88BA1BCBB3E900ED685A /* DataManager.h */,
				DB0B88BB1BCBB3E900ED685A /* DataManager.m */,
			);
			name = Model;
			sourceTree = "<group>";
		};
		DB8BC8A61BF86ED100E6CBF0 /* Framework */ = {
			isa = PBXGroup;
			children = (
				DB018F101BFB118700FC5021 /* AVOSCloud.framework */,
				DB018F111BFB118700FC5021 /* AVOSCloudCrashReporting.framework */,
				DB018F121BFB118700FC5021 /* AVOSCloudIM.framework */,
				DB29EC3A1BF7839700B91DB3 /* libsqlite3.0.tbd */,
				DB018F161BFB140600FC5021 /* MobileCoreServices.framework */,
				DB29EC381BF7838B00B91DB3 /* CoreTelephony.framework */,
				DB2D2B571BF73BE7001DAA62 /* mapapi.bundle */,
				DB2D2B551BF73B5D001DAA62 /* libstdc++.6.0.9.tbd */,
				DB2D2B531BF73B12001DAA62 /* SystemConfiguration.framework */,
				DB2D2B511BF73B00001DAA62 /* OpenGLES.framework */,
				DB2D2B4F1BF73AF5001DAA62 /* QuartzCore.framework */,
				DB2D2B4D1BF73AE9001DAA62 /* CoreLocation.framework */,
				DB2D2B3F1BF73AB8001DAA62 /* BaiduMapAPI_Base.framework */,
				DB2D2B401BF73AB8001DAA62 /* BaiduMapAPI_Cloud.framework */,
				DB2D2B411BF73AB8001DAA62 /* BaiduMapAPI_Location.framework */,
				DB2D2B421BF73AB8001DAA62 /* BaiduMapAPI_Map.framework */,
				DB2D2B431BF73AB8001DAA62 /* BaiduMapAPI_Radar.framework */,
				DB2D2B441BF73AB8001DAA62 /* BaiduMapAPI_Search.framework */,
				DB2D2B451BF73AB8001DAA62 /* BaiduMapAPI_Utils.framework */,
				DBFBCD751BECF3A6005325CB /* UIKit.framework */,
				DBFBCD731BECF39D005325CB /* CoreGraphics.framework */,
			);
			name = Framework;
			sourceTree = "<group>";
		};
		DBF7D1581BA9AE200011FF73 = {
			isa = PBXGroup;
			children = (
				DB8BC8A61BF86ED100E6CBF0 /* Framework */,
				DBF7D1631BA9AE200011FF73 /* com.slk.FreshmanGuider */,
				DBF7D1621BA9AE200011FF73 /* Products */,
			);
			sourceTree = "<group>";
		};
		DBF7D1621BA9AE200011FF73 /* Products */ = {
			isa = PBXGroup;
			children = (
				DBF7D1611BA9AE200011FF73 /* com.slk.FreshmanGuider.app */,
				DBF7D17D1BA9AE200011FF73 /* com.slk.FreshmanGuiderTests.xctest */,
				DBF7D1881BA9AE200011FF73 /* com.slk.FreshmanGuiderUITests.xctest */,
			);
			name = Products;
			sourceTree = "<group>";
		};
		DBF7D1631BA9AE200011FF73 /* com.slk.FreshmanGuider */ = {
			isa = PBXGroup;
			children = (
				DB5FD0941BFB3F7B007B9F6B /* InputText */,
				DB5FD08D1BFB3631007B9F6B /* DeformationButton */,
				DBFBCD8E1BECFF98005325CB /* MJRefresh */,
				DBFBCD7B1BECF4DC005325CB /* Header.h */,
				DB2D2B101BF71FE5001DAA62 /* View */,
				DB7435261BCAA42A0066C475 /* Model */,
				DB2D2B371BF72013001DAA62 /* AppDelegate.h */,
				DB2D2B381BF72013001DAA62 /* AppDelegate.m */,
				DBF7D1701BA9AE200011FF73 /* Main.storyboard */,
				DBF7D1731BA9AE200011FF73 /* Assets.xcassets */,
				DBF7D1751BA9AE200011FF73 /* LaunchScreen.storyboard */,
				DBF7D1781BA9AE200011FF73 /* Info.plist */,
				DBF7D1641BA9AE200011FF73 /* Supporting Files */,
			);
			path = com.slk.FreshmanGuider;
			sourceTree = "<group>";
		};
		DBF7D1641BA9AE200011FF73 /* Supporting Files */ = {
			isa = PBXGroup;
			children = (
				DBF7D1651BA9AE200011FF73 /* main.m */,
			);
			name = "Supporting Files";
			sourceTree = "<group>";
		};
		DBFBCD8E1BECFF98005325CB /* MJRefresh */ = {
			isa = PBXGroup;
			children = (
				DBFBCD8F1BECFF98005325CB /* Base */,
				DBFBCD9A1BECFF98005325CB /* Custom */,
				DBFBCDB11BECFF98005325CB /* MJRefresh.bundle */,
				DBFBCDB21BECFF98005325CB /* MJRefresh.h */,
				DBFBCDB31BECFF98005325CB /* MJRefreshConst.h */,
				DBFBCDB41BECFF98005325CB /* MJRefreshConst.m */,
				DBFBCDB51BECFF98005325CB /* UIScrollView+MJExtension.h */,
				DBFBCDB61BECFF98005325CB /* UIScrollView+MJExtension.m */,
				DBFBCDB71BECFF98005325CB /* UIScrollView+MJRefresh.h */,
				DBFBCDB81BECFF98005325CB /* UIScrollView+MJRefresh.m */,
				DBFBCDB91BECFF98005325CB /* UIView+MJExtension.h */,
				DBFBCDBA1BECFF98005325CB /* UIView+MJExtension.m */,
			);
			path = MJRefresh;
			sourceTree = SOURCE_ROOT;
		};
		DBFBCD8F1BECFF98005325CB /* Base */ = {
			isa = PBXGroup;
			children = (
				DBFBCD901BECFF98005325CB /* MJRefreshAutoFooter.h */,
				DBFBCD911BECFF98005325CB /* MJRefreshAutoFooter.m */,
				DBFBCD921BECFF98005325CB /* MJRefreshBackFooter.h */,
				DBFBCD931BECFF98005325CB /* MJRefreshBackFooter.m */,
				DBFBCD941BECFF98005325CB /* MJRefreshComponent.h */,
				DBFBCD951BECFF98005325CB /* MJRefreshComponent.m */,
				DBFBCD961BECFF98005325CB /* MJRefreshFooter.h */,
				DBFBCD971BECFF98005325CB /* MJRefreshFooter.m */,
				DBFBCD981BECFF98005325CB /* MJRefreshHeader.h */,
				DBFBCD991BECFF98005325CB /* MJRefreshHeader.m */,
			);
			path = Base;
			sourceTree = "<group>";
		};
		DBFBCD9A1BECFF98005325CB /* Custom */ = {
			isa = PBXGroup;
			children = (
				DBFBCD9B1BECFF98005325CB /* Footer */,
				DBFBCDAA1BECFF98005325CB /* Header */,
			);
			path = Custom;
			sourceTree = "<group>";
		};
		DBFBCD9B1BECFF98005325CB /* Footer */ = {
			isa = PBXGroup;
			children = (
				DBFBCD9C1BECFF98005325CB /* Auto */,
				DBFBCDA31BECFF98005325CB /* Back */,
			);
			path = Footer;
			sourceTree = "<group>";
		};
		DBFBCD9C1BECFF98005325CB /* Auto */ = {
			isa = PBXGroup;
			children = (
				DBFBCD9D1BECFF98005325CB /* MJRefreshAutoGifFooter.h */,
				DBFBCD9E1BECFF98005325CB /* MJRefreshAutoGifFooter.m */,
				DBFBCD9F1BECFF98005325CB /* MJRefreshAutoNormalFooter.h */,
				DBFBCDA01BECFF98005325CB /* MJRefreshAutoNormalFooter.m */,
				DBFBCDA11BECFF98005325CB /* MJRefreshAutoStateFooter.h */,
				DBFBCDA21BECFF98005325CB /* MJRefreshAutoStateFooter.m */,
			);
			path = Auto;
			sourceTree = "<group>";
		};
		DBFBCDA31BECFF98005325CB /* Back */ = {
			isa = PBXGroup;
			children = (
				DBFBCDA41BECFF98005325CB /* MJRefreshBackGifFooter.h */,
				DBFBCDA51BECFF98005325CB /* MJRefreshBackGifFooter.m */,
				DBFBCDA61BECFF98005325CB /* MJRefreshBackNormalFooter.h */,
				DBFBCDA71BECFF98005325CB /* MJRefreshBackNormalFooter.m */,
				DBFBCDA81BECFF98005325CB /* MJRefreshBackStateFooter.h */,
				DBFBCDA91BECFF98005325CB /* MJRefreshBackStateFooter.m */,
			);
			path = Back;
			sourceTree = "<group>";
		};
		DBFBCDAA1BECFF98005325CB /* Header */ = {
			isa = PBXGroup;
			children = (
				DBFBCDAB1BECFF98005325CB /* MJRefreshGifHeader.h */,
				DBFBCDAC1BECFF98005325CB /* MJRefreshGifHeader.m */,
				DBFBCDAD1BECFF98005325CB /* MJRefreshNormalHeader.h */,
				DBFBCDAE1BECFF98005325CB /* MJRefreshNormalHeader.m */,
				DBFBCDAF1BECFF98005325CB /* MJRefreshStateHeader.h */,
				DBFBCDB01BECFF98005325CB /* MJRefreshStateHeader.m */,
			);
			path = Header;
			sourceTree = "<group>";
		};
/* End PBXGroup section */

/* Begin PBXNativeTarget section */
		DBF7D1601BA9AE200011FF73 /* com.slk.FreshmanGuider */ = {
			isa = PBXNativeTarget;
			buildConfigurationList = DBF7D1911BA9AE200011FF73 /* Build configuration list for PBXNativeTarget "com.slk.FreshmanGuider" */;
			buildPhases = (
				DBF7D15D1BA9AE200011FF73 /* Sources */,
				DBF7D15E1BA9AE200011FF73 /* Frameworks */,
				DBF7D15F1BA9AE200011FF73 /* Resources */,
			);
			buildRules = (
			);
			dependencies = (
			);
			name = com.slk.FreshmanGuider;
			productName = com.slk.FreshmanGuider;
			productReference = DBF7D1611BA9AE200011FF73 /* com.slk.FreshmanGuider.app */;
			productType = "com.apple.product-type.application";
		};
		DBF7D17C1BA9AE200011FF73 /* com.slk.FreshmanGuiderTests */ = {
			isa = PBXNativeTarget;
			buildConfigurationList = DBF7D1941BA9AE200011FF73 /* Build configuration list for PBXNativeTarget "com.slk.FreshmanGuiderTests" */;
			buildPhases = (
				DBF7D1791BA9AE200011FF73 /* Sources */,
				DBF7D17A1BA9AE200011FF73 /* Frameworks */,
				DBF7D17B1BA9AE200011FF73 /* Resources */,
			);
			buildRules = (
			);
			dependencies = (
				DBF7D17F1BA9AE200011FF73 /* PBXTargetDependency */,
			);
			name = com.slk.FreshmanGuiderTests;
			productName = com.slk.FreshmanGuiderTests;
			productReference = DBF7D17D1BA9AE200011FF73 /* com.slk.FreshmanGuiderTests.xctest */;
			productType = "com.apple.product-type.bundle.unit-test";
		};
		DBF7D1871BA9AE200011FF73 /* com.slk.FreshmanGuiderUITests */ = {
			isa = PBXNativeTarget;
			buildConfigurationList = DBF7D1971BA9AE200011FF73 /* Build configuration list for PBXNativeTarget "com.slk.FreshmanGuiderUITests" */;
			buildPhases = (
				DBF7D1841BA9AE200011FF73 /* Sources */,
				DBF7D1851BA9AE200011FF73 /* Frameworks */,
				DBF7D1861BA9AE200011FF73 /* Resources */,
			);
			buildRules = (
			);
			dependencies = (
				DBF7D18A1BA9AE200011FF73 /* PBXTargetDependency */,
			);
			name = com.slk.FreshmanGuiderUITests;
			productName = com.slk.FreshmanGuiderUITests;
			productReference = DBF7D1881BA9AE200011FF73 /* com.slk.FreshmanGuiderUITests.xctest */;
			productType = "com.apple.product-type.bundle.ui-testing";
		};
/* End PBXNativeTarget section */

/* Begin PBXProject section */
		DBF7D1591BA9AE200011FF73 /* Project object */ = {
			isa = PBXProject;
			attributes = {
				LastUpgradeCheck = 0700;
				ORGANIZATIONNAME = "孙凌昆";
				TargetAttributes = {
					DBF7D1601BA9AE200011FF73 = {
						CreatedOnToolsVersion = 7.0;
					};
					DBF7D17C1BA9AE200011FF73 = {
						CreatedOnToolsVersion = 7.0;
						TestTargetID = DBF7D1601BA9AE200011FF73;
					};
					DBF7D1871BA9AE200011FF73 = {
						CreatedOnToolsVersion = 7.0;
						TestTargetID = DBF7D1601BA9AE200011FF73;
					};
				};
			};
			buildConfigurationList = DBF7D15C1BA9AE200011FF73 /* Build configuration list for PBXProject "com.slk.FreshmanGuider" */;
			compatibilityVersion = "Xcode 3.2";
			developmentRegion = English;
			hasScannedForEncodings = 0;
			knownRegions = (
				en,
				Base,
			);
			mainGroup = DBF7D1581BA9AE200011FF73;
			productRefGroup = DBF7D1621BA9AE200011FF73 /* Products */;
			projectDirPath = "";
			projectRoot = "";
			targets = (
				DBF7D1601BA9AE200011FF73 /* com.slk.FreshmanGuider */,
				DBF7D17C1BA9AE200011FF73 /* com.slk.FreshmanGuiderTests */,
				DBF7D1871BA9AE200011FF73 /* com.slk.FreshmanGuiderUITests */,
			);
		};
/* End PBXProject section */

/* Begin PBXResourcesBuildPhase section */
		DBF7D15F1BA9AE200011FF73 /* Resources */ = {
			isa = PBXResourcesBuildPhase;
			buildActionMask = 2147483647;
			files = (
				DBF7D1771BA9AE200011FF73 /* LaunchScreen.storyboard in Resources */,
				DB2D2B3B1BF7221F001DAA62 /* image1.jpg in Resources */,
				DBF7D1741BA9AE200011FF73 /* Assets.xcassets in Resources */,
				DBFCA5DD1BFB791100F7878A /* loginbg.jpg in Resources */,
				DB2D2B581BF73BE7001DAA62 /* mapapi.bundle in Resources */,
				DBF7D1721BA9AE200011FF73 /* Main.storyboard in Resources */,
				DBFBCDC91BECFF98005325CB /* MJRefresh.bundle in Resources */,
			);
			runOnlyForDeploymentPostprocessing = 0;
		};
		DBF7D17B1BA9AE200011FF73 /* Resources */ = {
			isa = PBXResourcesBuildPhase;
			buildActionMask = 2147483647;
			files = (
			);
			runOnlyForDeploymentPostprocessing = 0;
		};
		DBF7D1861BA9AE200011FF73 /* Resources */ = {
			isa = PBXResourcesBuildPhase;
			buildActionMask = 2147483647;
			files = (
			);
			runOnlyForDeploymentPostprocessing = 0;
		};
/* End PBXResourcesBuildPhase section */

/* Begin PBXSourcesBuildPhase section */
		DBF7D15D1BA9AE200011FF73 /* Sources */ = {
			isa = PBXSourcesBuildPhase;
			buildActionMask = 2147483647;
			files = (
				DBFBCDC11BECFF98005325CB /* MJRefreshAutoNormalFooter.m in Sources */,
				DBFBCDC71BECFF98005325CB /* MJRefreshNormalHeader.m in Sources */,
				DB8BC8A91BF86F1100E6CBF0 /* POITableViewController.m in Sources */,
				DB0331AC1BFC9EC300C020D5 /* ChatViewController.m in Sources */,
				DB5FD0971BFB3FD9007B9F6B /* InputText.m in Sources */,
				DB2D2B2E1BF71FE5001DAA62 /* MainViewController.m in Sources */,
				DB5FD0901BFB37F4007B9F6B /* LoginViewController.m in Sources */,
				DB2D2B2F1BF71FE5001DAA62 /* NavViewController.m in Sources */,
				DBF7D1661BA9AE200011FF73 /* main.m in Sources */,
				DBFBCDCC1BECFF98005325CB /* UIScrollView+MJRefresh.m in Sources */,
				DB0B88BC1BCBB3E900ED685A /* DataManager.m in Sources */,
				DBFE9E7D1BCAAA1A0014A677 /* RssReader.m in Sources */,
				DB5FD08B1BFB362A007B9F6B /* DeformationButton.m in Sources */,
				DB29EC3E1BF7849B00B91DB3 /* NewsDetailViewController.m in Sources */,
				DBFBCDC21BECFF98005325CB /* MJRefreshAutoStateFooter.m in Sources */,
				DB5FD08C1BFB362A007B9F6B /* MMMaterialDesignSpinner.m in Sources */,
				DB2D2B3E1BF72AE2001DAA62 /* ProfileTableViewController.m in Sources */,
				DBFBCDC01BECFF98005325CB /* MJRefreshAutoGifFooter.m in Sources */,
				DBFBCDC41BECFF98005325CB /* MJRefreshBackNormalFooter.m in Sources */,
				DBFBCDBD1BECFF98005325CB /* MJRefreshComponent.m in Sources */,
				DBFBCDBC1BECFF98005325CB /* MJRefreshBackFooter.m in Sources */,
				DB2D2B301BF71FE5001DAA62 /* NewsTableViewCell.m in Sources */,
				DBFBCDC51BECFF98005325CB /* MJRefreshBackStateFooter.m in Sources */,
				DB2D2B321BF71FE5001DAA62 /* SwitchView.m in Sources */,
				DB2D2B311BF71FE5001DAA62 /* NewsTableViewController.m in Sources */,
				DBF912F71C041A6800B58C46 /* MapPopViewController.m in Sources */,
				DBFBCDC61BECFF98005325CB /* MJRefreshGifHeader.m in Sources */,
				DBFBCDC31BECFF98005325CB /* MJRefreshBackGifFooter.m in Sources */,
				DBFBCDCA1BECFF98005325CB /* MJRefreshConst.m in Sources */,
				DBFBCDBB1BECFF98005325CB /* MJRefreshAutoFooter.m in Sources */,
				DB2D2B391BF72013001DAA62 /* AppDelegate.m in Sources */,
				DB7435291BCAA4960066C475 /* newsRecord.m in Sources */,
				DBFBCDBE1BECFF98005325CB /* MJRefreshFooter.m in Sources */,
				DBFBCDCD1BECFF98005325CB /* UIView+MJExtension.m in Sources */,
				DB2D2B271BF71FE5001DAA62 /* AssistTableViewController.m in Sources */,
				DBFBCDCB1BECFF98005325CB /* UIScrollView+MJExtension.m in Sources */,
				DBFBCDBF1BECFF98005325CB /* MJRefreshHeader.m in Sources */,
				DB5FD09A1BFB4176007B9F6B /* UIView+XD.m in Sources */,
				DBFBCDC81BECFF98005325CB /* MJRefreshStateHeader.m in Sources */,
			);
			runOnlyForDeploymentPostprocessing = 0;
		};
		DBF7D1791BA9AE200011FF73 /* Sources */ = {
			isa = PBXSourcesBuildPhase;
			buildActionMask = 2147483647;
			files = (
			);
			runOnlyForDeploymentPostprocessing = 0;
		};
		DBF7D1841BA9AE200011FF73 /* Sources */ = {
			isa = PBXSourcesBuildPhase;
			buildActionMask = 2147483647;
			files = (
			);
			runOnlyForDeploymentPostprocessing = 0;
		};
/* End PBXSourcesBuildPhase section */

/* Begin PBXTargetDependency section */
		DBF7D17F1BA9AE200011FF73 /* PBXTargetDependency */ = {
			isa = PBXTargetDependency;
			target = DBF7D1601BA9AE200011FF73 /* com.slk.FreshmanGuider */;
			targetProxy = DBF7D17E1BA9AE200011FF73 /* PBXContainerItemProxy */;
		};
		DBF7D18A1BA9AE200011FF73 /* PBXTargetDependency */ = {
			isa = PBXTargetDependency;
			target = DBF7D1601BA9AE200011FF73 /* com.slk.FreshmanGuider */;
			targetProxy = DBF7D1891BA9AE200011FF73 /* PBXContainerItemProxy */;
		};
/* End PBXTargetDependency section */

/* Begin PBXVariantGroup section */
		DBF7D1701BA9AE200011FF73 /* Main.storyboard */ = {
			isa = PBXVariantGroup;
			children = (
				DBF7D1711BA9AE200011FF73 /* Base */,
			);
			name = Main.storyboard;
			sourceTree = "<group>";
		};
		DBF7D1751BA9AE200011FF73 /* LaunchScreen.storyboard */ = {
			isa = PBXVariantGroup;
			children = (
				DBF7D1761BA9AE200011FF73 /* Base */,
			);
			name = LaunchScreen.storyboard;
			sourceTree = "<group>";
		};
/* End PBXVariantGroup section */

/* Begin XCBuildConfiguration section */
		DBF7D18F1BA9AE200011FF73 /* Debug */ = {
			isa = XCBuildConfiguration;
			buildSettings = {
				ALWAYS_SEARCH_USER_PATHS = NO;
				CLANG_CXX_LANGUAGE_STANDARD = "gnu++0x";
				CLANG_CXX_LIBRARY = "libc++";
				CLANG_ENABLE_MODULES = YES;
				CLANG_ENABLE_OBJC_ARC = YES;
				CLANG_WARN_BOOL_CONVERSION = YES;
				CLANG_WARN_CONSTANT_CONVERSION = YES;
				CLANG_WARN_DIRECT_OBJC_ISA_USAGE = YES_ERROR;
				CLANG_WARN_EMPTY_BODY = YES;
				CLANG_WARN_ENUM_CONVERSION = YES;
				CLANG_WARN_INT_CONVERSION = YES;
				CLANG_WARN_OBJC_ROOT_CLASS = YES_ERROR;
				CLANG_WARN_UNREACHABLE_CODE = YES;
				CLANG_WARN__DUPLICATE_METHOD_MATCH = YES;
				"CODE_SIGN_IDENTITY[sdk=iphoneos*]" = "iPhone Developer";
				COPY_PHASE_STRIP = NO;
				DEBUG_INFORMATION_FORMAT = dwarf;
				ENABLE_STRICT_OBJC_MSGSEND = YES;
				ENABLE_TESTABILITY = YES;
				GCC_C_LANGUAGE_STANDARD = gnu99;
				GCC_DYNAMIC_NO_PIC = NO;
				GCC_NO_COMMON_BLOCKS = YES;
				GCC_OPTIMIZATION_LEVEL = 0;
				GCC_PREPROCESSOR_DEFINITIONS = (
					"DEBUG=1",
					"$(inherited)",
				);
				GCC_WARN_64_TO_32_BIT_CONVERSION = YES;
				GCC_WARN_ABOUT_RETURN_TYPE = YES_ERROR;
				GCC_WARN_UNDECLARED_SELECTOR = YES;
				GCC_WARN_UNINITIALIZED_AUTOS = YES_AGGRESSIVE;
				GCC_WARN_UNUSED_FUNCTION = YES;
				GCC_WARN_UNUSED_VARIABLE = YES;
				IPHONEOS_DEPLOYMENT_TARGET = 9.0;
				MTL_ENABLE_DEBUG_INFO = YES;
				ONLY_ACTIVE_ARCH = YES;
				SDKROOT = iphoneos;
				TARGETED_DEVICE_FAMILY = "1,2";
			};
			name = Debug;
		};
		DBF7D1901BA9AE200011FF73 /* Release */ = {
			isa = XCBuildConfiguration;
			buildSettings = {
				ALWAYS_SEARCH_USER_PATHS = NO;
				CLANG_CXX_LANGUAGE_STANDARD = "gnu++0x";
				CLANG_CXX_LIBRARY = "libc++";
				CLANG_ENABLE_MODULES = YES;
				CLANG_ENABLE_OBJC_ARC = YES;
				CLANG_WARN_BOOL_CONVERSION = YES;
				CLANG_WARN_CONSTANT_CONVERSION = YES;
				CLANG_WARN_DIRECT_OBJC_ISA_USAGE = YES_ERROR;
				CLANG_WARN_EMPTY_BODY = YES;
				CLANG_WARN_ENUM_CONVERSION = YES;
				CLANG_WARN_INT_CONVERSION = YES;
				CLANG_WARN_OBJC_ROOT_CLASS = YES_ERROR;
				CLANG_WARN_UNREACHABLE_CODE = YES;
				CLANG_WARN__DUPLICATE_METHOD_MATCH = YES;
				"CODE_SIGN_IDENTITY[sdk=iphoneos*]" = "iPhone Developer";
				COPY_PHASE_STRIP = NO;
				DEBUG_INFORMATION_FORMAT = "dwarf-with-dsym";
				ENABLE_NS_ASSERTIONS = NO;
				ENABLE_STRICT_OBJC_MSGSEND = YES;
				GCC_C_LANGUAGE_STANDARD = gnu99;
				GCC_NO_COMMON_BLOCKS = YES;
				GCC_WARN_64_TO_32_BIT_CONVERSION = YES;
				GCC_WARN_ABOUT_RETURN_TYPE = YES_ERROR;
				GCC_WARN_UNDECLARED_SELECTOR = YES;
				GCC_WARN_UNINITIALIZED_AUTOS = YES_AGGRESSIVE;
				GCC_WARN_UNUSED_FUNCTION = YES;
				GCC_WARN_UNUSED_VARIABLE = YES;
				IPHONEOS_DEPLOYMENT_TARGET = 9.0;
				MTL_ENABLE_DEBUG_INFO = NO;
				SDKROOT = iphoneos;
				TARGETED_DEVICE_FAMILY = "1,2";
				VALIDATE_PRODUCT = YES;
			};
			name = Release;
		};
		DBF7D1921BA9AE200011FF73 /* Debug */ = {
			isa = XCBuildConfiguration;
			buildSettings = {
				ASSETCATALOG_COMPILER_APPICON_NAME = AppIcon;
				FRAMEWORK_SEARCH_PATHS = (
					"$(inherited)",
					"$(PROJECT_DIR)/BaiduMapAPI",
					"$(PROJECT_DIR)/leancloud",
				);
				GCC_PREFIX_HEADER = com.slk.FreshmanGuider/Header.h;
				INFOPLIST_FILE = com.slk.FreshmanGuider/Info.plist;
				IPHONEOS_DEPLOYMENT_TARGET = 7.0;
				LD_RUNPATH_SEARCH_PATHS = "$(inherited) @executable_path/Frameworks";
				OTHER_LDFLAGS = (
					"-all_load",
					"-lz",
					"-licucore",
					"-ObjC",
					"-lc++",
					"-lsqlite3",
				);
				PRODUCT_BUNDLE_IDENTIFIER = "slk.com-slk-FreshmanGuider";
				PRODUCT_NAME = "$(TARGET_NAME)";
			};
			name = Debug;
		};
		DBF7D1931BA9AE200011FF73 /* Release */ = {
			isa = XCBuildConfiguration;
			buildSettings = {
				ASSETCATALOG_COMPILER_APPICON_NAME = AppIcon;
				FRAMEWORK_SEARCH_PATHS = (
					"$(inherited)",
					"$(PROJECT_DIR)/BaiduMapAPI",
					"$(PROJECT_DIR)/leancloud",
				);
				GCC_PREFIX_HEADER = com.slk.FreshmanGuider/Header.h;
				INFOPLIST_FILE = com.slk.FreshmanGuider/Info.plist;
				IPHONEOS_DEPLOYMENT_TARGET = 7.0;
				LD_RUNPATH_SEARCH_PATHS = "$(inherited) @executable_path/Frameworks";
				OTHER_LDFLAGS = (
					"-all_load",
					"-lz",
					"-licucore",
					"-ObjC",
					"-lc++",
					"-lsqlite3",
				);
				PRODUCT_BUNDLE_IDENTIFIER = "slk.com-slk-FreshmanGuider";
				PRODUCT_NAME = "$(TARGET_NAME)";
			};
			name = Release;
		};
		DBF7D1951BA9AE200011FF73 /* Debug */ = {
			isa = XCBuildConfiguration;
			buildSettings = {
				BUNDLE_LOADER = "$(TEST_HOST)";
				INFOPLIST_FILE = com.slk.FreshmanGuiderTests/Info.plist;
				LD_RUNPATH_SEARCH_PATHS = "$(inherited) @executable_path/Frameworks @loader_path/Frameworks";
				PRODUCT_BUNDLE_IDENTIFIER = "slk.com-slk-FreshmanGuiderTests";
				PRODUCT_NAME = "$(TARGET_NAME)";
				TEST_HOST = "$(BUILT_PRODUCTS_DIR)/com.slk.FreshmanGuider.app/com.slk.FreshmanGuider";
			};
			name = Debug;
		};
		DBF7D1961BA9AE200011FF73 /* Release */ = {
			isa = XCBuildConfiguration;
			buildSettings = {
				BUNDLE_LOADER = "$(TEST_HOST)";
				INFOPLIST_FILE = com.slk.FreshmanGuiderTests/Info.plist;
				LD_RUNPATH_SEARCH_PATHS = "$(inherited) @executable_path/Frameworks @loader_path/Frameworks";
				PRODUCT_BUNDLE_IDENTIFIER = "slk.com-slk-FreshmanGuiderTests";
				PRODUCT_NAME = "$(TARGET_NAME)";
				TEST_HOST = "$(BUILT_PRODUCTS_DIR)/com.slk.FreshmanGuider.app/com.slk.FreshmanGuider";
			};
			name = Release;
		};
		DBF7D1981BA9AE200011FF73 /* Debug */ = {
			isa = XCBuildConfiguration;
			buildSettings = {
				INFOPLIST_FILE = com.slk.FreshmanGuiderUITests/Info.plist;
				LD_RUNPATH_SEARCH_PATHS = "$(inherited) @executable_path/Frameworks @loader_path/Frameworks";
				PRODUCT_BUNDLE_IDENTIFIER = "slk.com-slk-FreshmanGuiderUITests";
				PRODUCT_NAME = "$(TARGET_NAME)";
				TEST_TARGET_NAME = com.slk.FreshmanGuider;
				USES_XCTRUNNER = YES;
			};
			name = Debug;
		};
		DBF7D1991BA9AE200011FF73 /* Release */ = {
			isa = XCBuildConfiguration;
			buildSettings = {
				INFOPLIST_FILE = com.slk.FreshmanGuiderUITests/Info.plist;
				LD_RUNPATH_SEARCH_PATHS = "$(inherited) @executable_path/Frameworks @loader_path/Frameworks";
				PRODUCT_BUNDLE_IDENTIFIER = "slk.com-slk-FreshmanGuiderUITests";
				PRODUCT_NAME = "$(TARGET_NAME)";
				TEST_TARGET_NAME = com.slk.FreshmanGuider;
				USES_XCTRUNNER = YES;
			};
			name = Release;
		};
/* End XCBuildConfiguration section */

/* Begin XCConfigurationList section */
		DBF7D15C1BA9AE200011FF73 /* Build configuration list for PBXProject "com.slk.FreshmanGuider" */ = {
			isa = XCConfigurationList;
			buildConfigurations = (
				DBF7D18F1BA9AE200011FF73 /* Debug */,
				DBF7D1901BA9AE200011FF73 /* Release */,
			);
			defaultConfigurationIsVisible = 0;
			defaultConfigurationName = Release;
		};
		DBF7D1911BA9AE200011FF73 /* Build configuration list for PBXNativeTarget "com.slk.FreshmanGuider" */ = {
			isa = XCConfigurationList;
			buildConfigurations = (
				DBF7D1921BA9AE200011FF73 /* Debug */,
				DBF7D1931BA9AE200011FF73 /* Release */,
			);
			defaultConfigurationIsVisible = 0;
			defaultConfigurationName = Release;
		};
		DBF7D1941BA9AE200011FF73 /* Build configuration list for PBXNativeTarget "com.slk.FreshmanGuiderTests" */ = {
			isa = XCConfigurationList;
			buildConfigurations = (
				DBF7D1951BA9AE200011FF73 /* Debug */,
				DBF7D1961BA9AE200011FF73 /* Release */,
			);
			defaultConfigurationIsVisible = 0;
			defaultConfigurationName = Release;
		};
		DBF7D1971BA9AE200011FF73 /* Build configuration list for PBXNativeTarget "com.slk.FreshmanGuiderUITests" */ = {
			isa = XCConfigurationList;
			buildConfigurations = (
				DBF7D1981BA9AE200011FF73 /* Debug */,
				DBF7D1991BA9AE200011FF73 /* Release */,
			);
			defaultConfigurationIsVisible = 0;
			defaultConfigurationName = Release;
		};
/* End XCConfigurationList section */
	};
	rootObject = DBF7D1591BA9AE200011FF73 /* Project object */;
}
